
Microsoft Visual Studio Solution File, Format Version 12.00
# Visual Studio Version 16
VisualStudioVersion = 16.0.29806.167
MinimumVisualStudioVersion = 10.0.40219.1
Project("{FAE04EC0-301F-11D3-BF4B-00C04F79EFBC}") = "Homewirk 2 Training", "Homewirk 2 Training.csproj", "{C2D8377B-ED76-453B-96E4-27E2D30B6653}"
EndProject
Global
	GlobalSection(SolutionConfigurationPlatforms) = preSolution
		Debug|Any CPU = Debug|Any CPU
		Release|Any CPU = Release|Any CPU
	EndGlobalSection
	GlobalSection(ProjectConfigurationPlatforms) = postSolution
		{C2D8377B-ED76-453B-96E4-27E2D30B6653}.Debug|Any CPU.ActiveCfg = Debug|Any CPU
		{C2D8377B-ED76-453B-96E4-27E2D30B6653}.Debug|Any CPU.Build.0 = Debug|Any CPU
		{C2D8377B-ED76-453B-96E4-27E2D30B6653}.Release|Any CPU.ActiveCfg = Release|Any CPU
		{C2D8377B-ED76-453B-96E4-27E2D30B6653}.Release|Any CPU.Build.0 = Release|Any CPU
	EndGlobalSection
	GlobalSection(SolutionProperties) = preSolution
		HideSolutionNode = FALSE
	EndGlobalSection
	GlobalSection(ExtensibilityGlobals) = postSolution
		SolutionGuid = {D3158C44-069F-4DFA-AD68-9A2416BE9FF8}
	EndGlobalSection
EndGlobal
