
Microsoft Visual Studio Solution File, Format Version 12.00
# Visual Studio Version 16
VisualStudioVersion = 16.0.29806.167
MinimumVisualStudioVersion = 10.0.40219.1
Project("{FAE04EC0-301F-11D3-BF4B-00C04F79EFBC}") = "Homework2 date 290220", "Homework2 date 290220.csproj", "{A1AAD5DC-841C-483E-ABEA-6A92B7A93864}"
EndProject
Global
	GlobalSection(SolutionConfigurationPlatforms) = preSolution
		Debug|Any CPU = Debug|Any CPU
		Release|Any CPU = Release|Any CPU
	EndGlobalSection
	GlobalSection(ProjectConfigurationPlatforms) = postSolution
		{A1AAD5DC-841C-483E-ABEA-6A92B7A93864}.Debug|Any CPU.ActiveCfg = Debug|Any CPU
		{A1AAD5DC-841C-483E-ABEA-6A92B7A93864}.Debug|Any CPU.Build.0 = Debug|Any CPU
		{A1AAD5DC-841C-483E-ABEA-6A92B7A93864}.Release|Any CPU.ActiveCfg = Release|Any CPU
		{A1AAD5DC-841C-483E-ABEA-6A92B7A93864}.Release|Any CPU.Build.0 = Release|Any CPU
	EndGlobalSection
	GlobalSection(SolutionProperties) = preSolution
		HideSolutionNode = FALSE
	EndGlobalSection
	GlobalSection(ExtensibilityGlobals) = postSolution
		SolutionGuid = {4B83E1F0-17AC-4614-AD10-8804CF792BF9}
	EndGlobalSection
EndGlobal
